
Microsoft Visual Studio Solution File, Format Version 12.00
Project("{FAE04EC0-301F-11D3-BF4B-00C04F79EFBC}") = "Web", "Web\Web.csproj", "{2D28F8CF-9E66-444A-AA3B-2AC558848D25}"
EndProject
Project("{FAE04EC0-301F-11D3-BF4B-00C04F79EFBC}") = "Api", "Api\Api.csproj", "{24F6F84E-942F-4603-95F8-84D0E3C906D9}"
EndProject
Global
	GlobalSection(SolutionConfigurationPlatforms) = preSolution
		Debug|Any CPU = Debug|Any CPU
		Release|Any CPU = Release|Any CPU
	EndGlobalSection
	GlobalSection(NestedProjects) = preSolution
	EndGlobalSection
	GlobalSection(ProjectConfigurationPlatforms) = postSolution
		{2D28F8CF-9E66-444A-AA3B-2AC558848D25}.Debug|Any CPU.ActiveCfg = Debug|Any CPU
		{2D28F8CF-9E66-444A-AA3B-2AC558848D25}.Debug|Any CPU.Build.0 = Debug|Any CPU
		{2D28F8CF-9E66-444A-AA3B-2AC558848D25}.Release|Any CPU.ActiveCfg = Release|Any CPU
		{2D28F8CF-9E66-444A-AA3B-2AC558848D25}.Release|Any CPU.Build.0 = Release|Any CPU
		{24F6F84E-942F-4603-95F8-84D0E3C906D9}.Debug|Any CPU.ActiveCfg = Debug|Any CPU
		{24F6F84E-942F-4603-95F8-84D0E3C906D9}.Debug|Any CPU.Build.0 = Debug|Any CPU
		{24F6F84E-942F-4603-95F8-84D0E3C906D9}.Release|Any CPU.ActiveCfg = Release|Any CPU
		{24F6F84E-942F-4603-95F8-84D0E3C906D9}.Release|Any CPU.Build.0 = Release|Any CPU
	EndGlobalSection
EndGlobal
